PODS:
  - AMap2DMap (5.6.1):
    - AMapFoundation (~> 1.4)
  - AMapFoundation (1.5.7)
  - AMapLocation (2.6.2):
    - AMapFoundation (~> 1.4)
  - AMapSearch (6.9.0):
    - AMapFoundation (~> 1.4)
  - barcode_scan (0.0.1):
    - Flutter
    - MTBBarcodeScanner
  - Flutter (1.0.0)
  - flutter_2d_amap (0.0.1):
    - AMap2DMap
    - AMapLocation
    - AMapSearch
    - Flutter
  - FMDB (2.7.5):
    - FMDB/standard (= 2.7.5)
  - FMDB/standard (2.7.5)
  - image_picker (0.0.1):
    - Flutter
  - MTBBarcodeScanner (5.0.11)
  - path_provider (0.0.1):
    - Flutter
  - shared_preferences (0.0.1):
    - Flutter
  - sqflite (0.0.1):
    - Flutter
    - FMDB (~> 2.7.2)
  - url_launcher (0.0.1):
    - Flutter
  - webview_flutter (0.0.1):
    - Flutter

DEPENDENCIES:
  - barcode_scan (from `.symlinks/plugins/barcode_scan/ios`)
  - Flutter (from `.symlinks/flutter/ios`)
  - flutter_2d_amap (from `.symlinks/plugins/flutter_2d_amap/ios`)
  - image_picker (from `.symlinks/plugins/image_picker/ios`)
  - path_provider (from `.symlinks/plugins/path_provider/ios`)
  - shared_preferences (from `.symlinks/plugins/shared_preferences/ios`)
  - sqflite (from `.symlinks/plugins/sqflite/ios`)
  - url_launcher (from `.symlinks/plugins/url_launcher/ios`)
  - webview_flutter (from `.symlinks/plugins/webview_flutter/ios`)

SPEC REPOS:
  https://github.com/cocoapods/specs.git:
    - AMap2DMap
    - AMapFoundation
    - AMapLocation
    - AMapSearch
    - FMDB
    - MTBBarcodeScanner

EXTERNAL SOURCES:
  barcode_scan:
    :path: ".symlinks/plugins/barcode_scan/ios"
  Flutter:
    :path: ".symlinks/flutter/ios"
  flutter_2d_amap:
    :path: ".symlinks/plugins/flutter_2d_amap/ios"
  image_picker:
    :path: ".symlinks/plugins/image_picker/ios"
  path_provider:
    :path: ".symlinks/plugins/path_provider/ios"
  shared_preferences:
    :path: ".symlinks/plugins/shared_preferences/ios"
  sqflite:
    :path: ".symlinks/plugins/sqflite/ios"
  url_launcher:
    :path: ".symlinks/plugins/url_launcher/ios"
  webview_flutter:
    :path: ".symlinks/plugins/webview_flutter/ios"

SPEC CHECKSUMS:
  AMap2DMap: cac76bc057de18a1641f34df6b50bf5bc6b23571
  AMapFoundation: 216d58448c80356434ac4332250a8fdb2f5c4d1e
  AMapLocation: 89a7e4eb6040d32ba73c77a4966ecc66e46aa7c3
  AMapSearch: af02822537e55b85a4752e9df5c19e4b9da82031
  barcode_scan: 33f586d02270046fc6559135038b34b5754eaa4f
  Flutter: 0e3d915762c693b495b44d77113d4970485de6ec
  flutter_2d_amap: 87cd67e45e7e99877456736ef133dbc25cdf3383
  FMDB: 2ce00b547f966261cd18927a3ddb07cb6f3db82a
  image_picker: 16e5fec1fbc87fd3b297c53e4048521eaf17cd06
  MTBBarcodeScanner: f453b33c4b7dfe545d8c6484ed744d55671788cb
  path_provider: f96fff6166a8867510d2c25fdcc346327cc4b259
  shared_preferences: 1feebfa37bb57264736e16865e7ffae7fc99b523
  sqflite: ff1d9da63c06588cc8d1faf7256d741f16989d5a
  url_launcher: 0067ddb8f10d36786672aa0722a21717dba3a298
  webview_flutter: 1aa7604e6cdb451a9b7ed2c37d5454c0b440246b

PODFILE CHECKSUM: a41b522321eb28214d588fee00e35f4c144e9ac8

COCOAPODS: 1.7.5
